
Microsoft Visual Studio Solution File, Format Version 12.00
# Visual Studio Version 17
VisualStudioVersion = 17.6.33815.320
MinimumVisualStudioVersion = 10.0.40219.1
Project("{9A19103F-16F7-4668-BE54-9A1E7A4F7556}") = "multipleof3and5", "multipleof3and5.csproj", "{CDAFD44A-F69F-459E-9E96-6FCD56C3AD1D}"
EndProject
Project("{FAE04EC0-301F-11D3-BF4B-00C04F79EFBC}") = "fiboEvenSum", "..\fiboEvenSum\fiboEvenSum.csproj", "{80CB1D0D-13D4-4CDF-A2A2-AACA7AC0E440}"
EndProject
Global
	GlobalSection(SolutionConfigurationPlatforms) = preSolution
		Debug|Any CPU = Debug|Any CPU
		Release|Any CPU = Release|Any CPU
	EndGlobalSection
	GlobalSection(ProjectConfigurationPlatforms) = postSolution
		{CDAFD44A-F69F-459E-9E96-6FCD56C3AD1D}.Debug|Any CPU.ActiveCfg = Debug|Any CPU
		{CDAFD44A-F69F-459E-9E96-6FCD56C3AD1D}.Debug|Any CPU.Build.0 = Debug|Any CPU
		{CDAFD44A-F69F-459E-9E96-6FCD56C3AD1D}.Release|Any CPU.ActiveCfg = Release|Any CPU
		{CDAFD44A-F69F-459E-9E96-6FCD56C3AD1D}.Release|Any CPU.Build.0 = Release|Any CPU
		{80CB1D0D-13D4-4CDF-A2A2-AACA7AC0E440}.Debug|Any CPU.ActiveCfg = Debug|Any CPU
		{80CB1D0D-13D4-4CDF-A2A2-AACA7AC0E440}.Debug|Any CPU.Build.0 = Debug|Any CPU
		{80CB1D0D-13D4-4CDF-A2A2-AACA7AC0E440}.Release|Any CPU.ActiveCfg = Release|Any CPU
		{80CB1D0D-13D4-4CDF-A2A2-AACA7AC0E440}.Release|Any CPU.Build.0 = Release|Any CPU
	EndGlobalSection
	GlobalSection(SolutionProperties) = preSolution
		HideSolutionNode = FALSE
	EndGlobalSection
	GlobalSection(ExtensibilityGlobals) = postSolution
		SolutionGuid = {4A210318-BF6E-4119-93B8-D2F5DBA49C15}
	EndGlobalSection
EndGlobal
